
Microsoft Visual Studio Solution File, Format Version 12.00
# Visual Studio Version 16
VisualStudioVersion = 16.0.30114.105
MinimumVisualStudioVersion = 10.0.40219.1
Project("{2150E333-8FDC-42A3-9474-1A3956D46DE8}") = "01. Clientes", "01. Clientes", "{260F2AE8-A289-4319-A281-EE22DDE98E8B}"
EndProject
Project("{2150E333-8FDC-42A3-9474-1A3956D46DE8}") = "02. Api.Gateways", "02. Api.Gateways", "{925D377F-35E7-47B4-87F2-2E934D6119E7}"
EndProject
Project("{2150E333-8FDC-42A3-9474-1A3956D46DE8}") = "03. Servicios", "03. Servicios", "{E43DE1E7-97BA-4C65-B3B7-2B60A2AAC84B}"
EndProject
Project("{2150E333-8FDC-42A3-9474-1A3956D46DE8}") = "3.1. Identity", "3.1. Identity", "{1CEC7034-3751-4EEF-8A55-066EE1134014}"
EndProject
Project("{2150E333-8FDC-42A3-9474-1A3956D46DE8}") = "3.2. Catalogo", "3.2. Catalogo", "{F1CC81E0-34C5-4030-9707-A4CC83A7205A}"
EndProject
Project("{2150E333-8FDC-42A3-9474-1A3956D46DE8}") = "3.3. Customer", "3.3. Customer", "{1C97FF3C-6D2C-4A3C-B071-44F309A27188}"
EndProject
Project("{2150E333-8FDC-42A3-9474-1A3956D46DE8}") = "3.4. Orden", "3.4. Orden", "{1EBF1B30-8EEB-4A4E-938B-18CD3C1A6484}"
EndProject
Project("{9A19103F-16F7-4668-BE54-9A1E7A4F7556}") = "Catalogo.Api", "src\Servicios\Catalogo\Catalogo.Api\Catalogo.Api.csproj", "{E1723392-CB8B-4DF2-87D0-8ABC0CB1AA8E}"
EndProject
Project("{2150E333-8FDC-42A3-9474-1A3956D46DE8}") = "01. API", "01. API", "{6385B194-E978-4C75-949E-730838123F5E}"
EndProject
Project("{2150E333-8FDC-42A3-9474-1A3956D46DE8}") = "02. Servicios", "02. Servicios", "{0FCEBD72-0C94-4655-9FB5-968B635D6E2F}"
EndProject
Project("{2150E333-8FDC-42A3-9474-1A3956D46DE8}") = "03. Persistencia", "03. Persistencia", "{5DF0CDC3-D041-4F57-8F1B-1300DEDEE06D}"
EndProject
Project("{2150E333-8FDC-42A3-9474-1A3956D46DE8}") = "04. Modelos", "04. Modelos", "{C6772081-A7F1-49AF-B010-1EEA0CCA0CCF}"
EndProject
Project("{9A19103F-16F7-4668-BE54-9A1E7A4F7556}") = "Catalogo.Dominio", "src\Servicios\Catalogo\Catalogo.Dominio\Catalogo.Dominio.csproj", "{E952D1AD-F7B4-4354-9C40-469B4A533E57}"
EndProject
Project("{9A19103F-16F7-4668-BE54-9A1E7A4F7556}") = "Catalogo.Persistencia.Database", "src\Servicios\Catalogo\Catalogo.Persistencia.Database\Catalogo.Persistencia.Database.csproj", "{0D6A03F7-5E26-447C-9613-C1A43D722524}"
EndProject
Project("{9A19103F-16F7-4668-BE54-9A1E7A4F7556}") = "Catalogo.Servicios.Queries", "src\Servicios\Catalogo\Catalogo.Servicios.Queries\Catalogo.Servicios.Queries.csproj", "{9BE02295-56D0-4736-952D-60FCD70D2094}"
EndProject
Project("{2150E333-8FDC-42A3-9474-1A3956D46DE8}") = "Comun", "Comun", "{37A92420-8C67-4415-91F2-1D5ECBCE62CD}"
EndProject
Project("{9A19103F-16F7-4668-BE54-9A1E7A4F7556}") = "Servicio.Comun.Coleccion", "src\Servicios\Comun\Servicio.Comun.Coleccion\Servicio.Comun.Coleccion.csproj", "{2F8F6199-CF2F-4578-A2AF-A9A7723ECD54}"
EndProject
Project("{9A19103F-16F7-4668-BE54-9A1E7A4F7556}") = "Servicio.Comun.Paginando", "src\Servicios\Comun\Servicio.Comun.Paginando\Servicio.Comun.Paginando.csproj", "{DE70283B-071A-4795-8DFF-1F760D2B0A0C}"
EndProject
Project("{9A19103F-16F7-4668-BE54-9A1E7A4F7556}") = "Servicio.Comun.Mapping", "src\Servicios\Comun\Servicio.Comun.Mapping\Servicio.Comun.Mapping.csproj", "{C1512ED6-D670-4D15-A186-3418AF6342FB}"
EndProject
Project("{9A19103F-16F7-4668-BE54-9A1E7A4F7556}") = "Catalogo.Servicios.EventHandlers", "src\Servicios\Catalogo\Catalogo.Servicios.EventHandlers\Catalogo.Servicios.EventHandlers.csproj", "{96FB2BA5-D2BE-40E1-9EF3-3BF8919B92C8}"
EndProject
Project("{2150E333-8FDC-42A3-9474-1A3956D46DE8}") = "05. Comun", "05. Comun", "{B80E2715-DC9F-4273-9440-C43D68504B69}"
EndProject
Project("{9A19103F-16F7-4668-BE54-9A1E7A4F7556}") = "Catalogo.Comun", "src\Servicios\Catalogo\Catalogo.Comun\Catalogo.Comun.csproj", "{78E1658E-1853-417B-881A-9CE4E12723E2}"
EndProject
Project("{2150E333-8FDC-42A3-9474-1A3956D46DE8}") = "04. Comun", "04. Comun", "{3B9B7FD1-2543-411B-A76E-14E8269ED4A8}"
EndProject
Project("{9A19103F-16F7-4668-BE54-9A1E7A4F7556}") = "Comun.Logging", "src\Comun\Comun.Logging\Comun.Logging.csproj", "{5A830C7E-20ED-45CA-84F1-E15EB2C8A696}"
EndProject
Project("{2150E333-8FDC-42A3-9474-1A3956D46DE8}") = "06. Pruebas", "06. Pruebas", "{B893DBFF-CF9D-42C9-8DF2-2F659ED0B00C}"
EndProject
Project("{9A19103F-16F7-4668-BE54-9A1E7A4F7556}") = "Catalogo.Pruebas", "src\Servicios\Catalogo\Catalogo.Pruebas\Catalogo.Pruebas.csproj", "{66ADDA60-1050-443B-A950-81B065860D0E}"
EndProject
Project("{2150E333-8FDC-42A3-9474-1A3956D46DE8}") = "01. API", "01. API", "{37FCAA34-6DC8-47AD-9793-F552F77020C1}"
EndProject
Project("{2150E333-8FDC-42A3-9474-1A3956D46DE8}") = "02. Servicios", "02. Servicios", "{4C4CA7D5-820D-4A5D-AB00-E6509CF0BCC9}"
EndProject
Project("{2150E333-8FDC-42A3-9474-1A3956D46DE8}") = "03. Persistencia", "03. Persistencia", "{5C9A03A6-F3B7-4F35-95F5-2E6D8A9843D4}"
EndProject
Project("{2150E333-8FDC-42A3-9474-1A3956D46DE8}") = "04. Modelos", "04. Modelos", "{D326DBCB-4CA8-478C-9AB7-8B842CC074E4}"
EndProject
Project("{2150E333-8FDC-42A3-9474-1A3956D46DE8}") = "05. Comun", "05. Comun", "{FAD02203-2704-45D5-AD66-F9CA86882E6B}"
EndProject
Project("{2150E333-8FDC-42A3-9474-1A3956D46DE8}") = "06. Pruebas", "06. Pruebas", "{2405D1FB-F8BD-4885-906D-F40679493520}"
EndProject
Project("{FAE04EC0-301F-11D3-BF4B-00C04F79EFBC}") = "Customer.Api", "src\Servicios\Customer\Customer.Api\Customer.Api.csproj", "{506AEC52-C04A-4E32-BEC3-3DFFB9CDE1CE}"
EndProject
Project("{FAE04EC0-301F-11D3-BF4B-00C04F79EFBC}") = "Customer.Dominio", "src\Servicios\Customer\Customer.Dominio\Customer.Dominio.csproj", "{57BABC9E-E23B-46CF-8349-0FE23E40F1E2}"
EndProject
Project("{FAE04EC0-301F-11D3-BF4B-00C04F79EFBC}") = "Customer.Persistencia.Database", "src\Servicios\Customer\Customer.Persistencia.Database\Customer.Persistencia.Database.csproj", "{E2D009A0-A1AB-4778-8BB7-4CF6FD7F5704}"
EndProject
Project("{FAE04EC0-301F-11D3-BF4B-00C04F79EFBC}") = "Customer.Servicios.Queries", "src\Servicios\Customer\Customer.Servicios.Queries\Customer.Servicios.Queries.csproj", "{0D5C1571-A5AD-4257-BBF4-C2403F1B87A6}"
EndProject
Project("{FAE04EC0-301F-11D3-BF4B-00C04F79EFBC}") = "Customer.Servicios.EventHandler", "src\Servicios\Customer\Customer.Servicios.EventHandler\Customer.Servicios.EventHandler.csproj", "{E3CBB781-AE03-4732-9FDB-4F0529502777}"
EndProject
Global
	GlobalSection(SolutionConfigurationPlatforms) = preSolution
		Debug|Any CPU = Debug|Any CPU
		Release|Any CPU = Release|Any CPU
	EndGlobalSection
	GlobalSection(ProjectConfigurationPlatforms) = postSolution
		{E1723392-CB8B-4DF2-87D0-8ABC0CB1AA8E}.Debug|Any CPU.ActiveCfg = Debug|Any CPU
		{E1723392-CB8B-4DF2-87D0-8ABC0CB1AA8E}.Debug|Any CPU.Build.0 = Debug|Any CPU
		{E1723392-CB8B-4DF2-87D0-8ABC0CB1AA8E}.Release|Any CPU.ActiveCfg = Release|Any CPU
		{E1723392-CB8B-4DF2-87D0-8ABC0CB1AA8E}.Release|Any CPU.Build.0 = Release|Any CPU
		{E952D1AD-F7B4-4354-9C40-469B4A533E57}.Debug|Any CPU.ActiveCfg = Debug|Any CPU
		{E952D1AD-F7B4-4354-9C40-469B4A533E57}.Debug|Any CPU.Build.0 = Debug|Any CPU
		{E952D1AD-F7B4-4354-9C40-469B4A533E57}.Release|Any CPU.ActiveCfg = Release|Any CPU
		{E952D1AD-F7B4-4354-9C40-469B4A533E57}.Release|Any CPU.Build.0 = Release|Any CPU
		{0D6A03F7-5E26-447C-9613-C1A43D722524}.Debug|Any CPU.ActiveCfg = Debug|Any CPU
		{0D6A03F7-5E26-447C-9613-C1A43D722524}.Debug|Any CPU.Build.0 = Debug|Any CPU
		{0D6A03F7-5E26-447C-9613-C1A43D722524}.Release|Any CPU.ActiveCfg = Release|Any CPU
		{0D6A03F7-5E26-447C-9613-C1A43D722524}.Release|Any CPU.Build.0 = Release|Any CPU
		{9BE02295-56D0-4736-952D-60FCD70D2094}.Debug|Any CPU.ActiveCfg = Debug|Any CPU
		{9BE02295-56D0-4736-952D-60FCD70D2094}.Debug|Any CPU.Build.0 = Debug|Any CPU
		{9BE02295-56D0-4736-952D-60FCD70D2094}.Release|Any CPU.ActiveCfg = Release|Any CPU
		{9BE02295-56D0-4736-952D-60FCD70D2094}.Release|Any CPU.Build.0 = Release|Any CPU
		{2F8F6199-CF2F-4578-A2AF-A9A7723ECD54}.Debug|Any CPU.ActiveCfg = Debug|Any CPU
		{2F8F6199-CF2F-4578-A2AF-A9A7723ECD54}.Debug|Any CPU.Build.0 = Debug|Any CPU
		{2F8F6199-CF2F-4578-A2AF-A9A7723ECD54}.Release|Any CPU.ActiveCfg = Release|Any CPU
		{2F8F6199-CF2F-4578-A2AF-A9A7723ECD54}.Release|Any CPU.Build.0 = Release|Any CPU
		{DE70283B-071A-4795-8DFF-1F760D2B0A0C}.Debug|Any CPU.ActiveCfg = Debug|Any CPU
		{DE70283B-071A-4795-8DFF-1F760D2B0A0C}.Debug|Any CPU.Build.0 = Debug|Any CPU
		{DE70283B-071A-4795-8DFF-1F760D2B0A0C}.Release|Any CPU.ActiveCfg = Release|Any CPU
		{DE70283B-071A-4795-8DFF-1F760D2B0A0C}.Release|Any CPU.Build.0 = Release|Any CPU
		{C1512ED6-D670-4D15-A186-3418AF6342FB}.Debug|Any CPU.ActiveCfg = Debug|Any CPU
		{C1512ED6-D670-4D15-A186-3418AF6342FB}.Debug|Any CPU.Build.0 = Debug|Any CPU
		{C1512ED6-D670-4D15-A186-3418AF6342FB}.Release|Any CPU.ActiveCfg = Release|Any CPU
		{C1512ED6-D670-4D15-A186-3418AF6342FB}.Release|Any CPU.Build.0 = Release|Any CPU
		{96FB2BA5-D2BE-40E1-9EF3-3BF8919B92C8}.Debug|Any CPU.ActiveCfg = Debug|Any CPU
		{96FB2BA5-D2BE-40E1-9EF3-3BF8919B92C8}.Debug|Any CPU.Build.0 = Debug|Any CPU
		{96FB2BA5-D2BE-40E1-9EF3-3BF8919B92C8}.Release|Any CPU.ActiveCfg = Release|Any CPU
		{96FB2BA5-D2BE-40E1-9EF3-3BF8919B92C8}.Release|Any CPU.Build.0 = Release|Any CPU
		{78E1658E-1853-417B-881A-9CE4E12723E2}.Debug|Any CPU.ActiveCfg = Debug|Any CPU
		{78E1658E-1853-417B-881A-9CE4E12723E2}.Debug|Any CPU.Build.0 = Debug|Any CPU
		{78E1658E-1853-417B-881A-9CE4E12723E2}.Release|Any CPU.ActiveCfg = Release|Any CPU
		{78E1658E-1853-417B-881A-9CE4E12723E2}.Release|Any CPU.Build.0 = Release|Any CPU
		{5A830C7E-20ED-45CA-84F1-E15EB2C8A696}.Debug|Any CPU.ActiveCfg = Debug|Any CPU
		{5A830C7E-20ED-45CA-84F1-E15EB2C8A696}.Debug|Any CPU.Build.0 = Debug|Any CPU
		{5A830C7E-20ED-45CA-84F1-E15EB2C8A696}.Release|Any CPU.ActiveCfg = Release|Any CPU
		{5A830C7E-20ED-45CA-84F1-E15EB2C8A696}.Release|Any CPU.Build.0 = Release|Any CPU
		{66ADDA60-1050-443B-A950-81B065860D0E}.Debug|Any CPU.ActiveCfg = Debug|Any CPU
		{66ADDA60-1050-443B-A950-81B065860D0E}.Debug|Any CPU.Build.0 = Debug|Any CPU
		{66ADDA60-1050-443B-A950-81B065860D0E}.Release|Any CPU.ActiveCfg = Release|Any CPU
		{66ADDA60-1050-443B-A950-81B065860D0E}.Release|Any CPU.Build.0 = Release|Any CPU
		{506AEC52-C04A-4E32-BEC3-3DFFB9CDE1CE}.Debug|Any CPU.ActiveCfg = Debug|Any CPU
		{506AEC52-C04A-4E32-BEC3-3DFFB9CDE1CE}.Debug|Any CPU.Build.0 = Debug|Any CPU
		{506AEC52-C04A-4E32-BEC3-3DFFB9CDE1CE}.Release|Any CPU.ActiveCfg = Release|Any CPU
		{506AEC52-C04A-4E32-BEC3-3DFFB9CDE1CE}.Release|Any CPU.Build.0 = Release|Any CPU
		{57BABC9E-E23B-46CF-8349-0FE23E40F1E2}.Debug|Any CPU.ActiveCfg = Debug|Any CPU
		{57BABC9E-E23B-46CF-8349-0FE23E40F1E2}.Debug|Any CPU.Build.0 = Debug|Any CPU
		{57BABC9E-E23B-46CF-8349-0FE23E40F1E2}.Release|Any CPU.ActiveCfg = Release|Any CPU
		{57BABC9E-E23B-46CF-8349-0FE23E40F1E2}.Release|Any CPU.Build.0 = Release|Any CPU
		{E2D009A0-A1AB-4778-8BB7-4CF6FD7F5704}.Debug|Any CPU.ActiveCfg = Debug|Any CPU
		{E2D009A0-A1AB-4778-8BB7-4CF6FD7F5704}.Debug|Any CPU.Build.0 = Debug|Any CPU
		{E2D009A0-A1AB-4778-8BB7-4CF6FD7F5704}.Release|Any CPU.ActiveCfg = Release|Any CPU
		{E2D009A0-A1AB-4778-8BB7-4CF6FD7F5704}.Release|Any CPU.Build.0 = Release|Any CPU
		{0D5C1571-A5AD-4257-BBF4-C2403F1B87A6}.Debug|Any CPU.ActiveCfg = Debug|Any CPU
		{0D5C1571-A5AD-4257-BBF4-C2403F1B87A6}.Debug|Any CPU.Build.0 = Debug|Any CPU
		{0D5C1571-A5AD-4257-BBF4-C2403F1B87A6}.Release|Any CPU.ActiveCfg = Release|Any CPU
		{0D5C1571-A5AD-4257-BBF4-C2403F1B87A6}.Release|Any CPU.Build.0 = Release|Any CPU
		{E3CBB781-AE03-4732-9FDB-4F0529502777}.Debug|Any CPU.ActiveCfg = Debug|Any CPU
		{E3CBB781-AE03-4732-9FDB-4F0529502777}.Debug|Any CPU.Build.0 = Debug|Any CPU
		{E3CBB781-AE03-4732-9FDB-4F0529502777}.Release|Any CPU.ActiveCfg = Release|Any CPU
		{E3CBB781-AE03-4732-9FDB-4F0529502777}.Release|Any CPU.Build.0 = Release|Any CPU
	EndGlobalSection
	GlobalSection(SolutionProperties) = preSolution
		HideSolutionNode = FALSE
	EndGlobalSection
	GlobalSection(NestedProjects) = preSolution
		{1CEC7034-3751-4EEF-8A55-066EE1134014} = {E43DE1E7-97BA-4C65-B3B7-2B60A2AAC84B}
		{F1CC81E0-34C5-4030-9707-A4CC83A7205A} = {E43DE1E7-97BA-4C65-B3B7-2B60A2AAC84B}
		{1C97FF3C-6D2C-4A3C-B071-44F309A27188} = {E43DE1E7-97BA-4C65-B3B7-2B60A2AAC84B}
		{1EBF1B30-8EEB-4A4E-938B-18CD3C1A6484} = {E43DE1E7-97BA-4C65-B3B7-2B60A2AAC84B}
		{E1723392-CB8B-4DF2-87D0-8ABC0CB1AA8E} = {6385B194-E978-4C75-949E-730838123F5E}
		{6385B194-E978-4C75-949E-730838123F5E} = {F1CC81E0-34C5-4030-9707-A4CC83A7205A}
		{0FCEBD72-0C94-4655-9FB5-968B635D6E2F} = {F1CC81E0-34C5-4030-9707-A4CC83A7205A}
		{5DF0CDC3-D041-4F57-8F1B-1300DEDEE06D} = {F1CC81E0-34C5-4030-9707-A4CC83A7205A}
		{C6772081-A7F1-49AF-B010-1EEA0CCA0CCF} = {F1CC81E0-34C5-4030-9707-A4CC83A7205A}
		{E952D1AD-F7B4-4354-9C40-469B4A533E57} = {C6772081-A7F1-49AF-B010-1EEA0CCA0CCF}
		{0D6A03F7-5E26-447C-9613-C1A43D722524} = {5DF0CDC3-D041-4F57-8F1B-1300DEDEE06D}
		{9BE02295-56D0-4736-952D-60FCD70D2094} = {0FCEBD72-0C94-4655-9FB5-968B635D6E2F}
		{37A92420-8C67-4415-91F2-1D5ECBCE62CD} = {E43DE1E7-97BA-4C65-B3B7-2B60A2AAC84B}
		{2F8F6199-CF2F-4578-A2AF-A9A7723ECD54} = {37A92420-8C67-4415-91F2-1D5ECBCE62CD}
		{DE70283B-071A-4795-8DFF-1F760D2B0A0C} = {37A92420-8C67-4415-91F2-1D5ECBCE62CD}
		{C1512ED6-D670-4D15-A186-3418AF6342FB} = {37A92420-8C67-4415-91F2-1D5ECBCE62CD}
		{96FB2BA5-D2BE-40E1-9EF3-3BF8919B92C8} = {0FCEBD72-0C94-4655-9FB5-968B635D6E2F}
		{B80E2715-DC9F-4273-9440-C43D68504B69} = {F1CC81E0-34C5-4030-9707-A4CC83A7205A}
		{78E1658E-1853-417B-881A-9CE4E12723E2} = {B80E2715-DC9F-4273-9440-C43D68504B69}
		{5A830C7E-20ED-45CA-84F1-E15EB2C8A696} = {3B9B7FD1-2543-411B-A76E-14E8269ED4A8}
		{B893DBFF-CF9D-42C9-8DF2-2F659ED0B00C} = {F1CC81E0-34C5-4030-9707-A4CC83A7205A}
		{66ADDA60-1050-443B-A950-81B065860D0E} = {B893DBFF-CF9D-42C9-8DF2-2F659ED0B00C}
		{37FCAA34-6DC8-47AD-9793-F552F77020C1} = {1C97FF3C-6D2C-4A3C-B071-44F309A27188}
		{4C4CA7D5-820D-4A5D-AB00-E6509CF0BCC9} = {1C97FF3C-6D2C-4A3C-B071-44F309A27188}
		{5C9A03A6-F3B7-4F35-95F5-2E6D8A9843D4} = {1C97FF3C-6D2C-4A3C-B071-44F309A27188}
		{D326DBCB-4CA8-478C-9AB7-8B842CC074E4} = {1C97FF3C-6D2C-4A3C-B071-44F309A27188}
		{FAD02203-2704-45D5-AD66-F9CA86882E6B} = {1C97FF3C-6D2C-4A3C-B071-44F309A27188}
		{2405D1FB-F8BD-4885-906D-F40679493520} = {1C97FF3C-6D2C-4A3C-B071-44F309A27188}
		{506AEC52-C04A-4E32-BEC3-3DFFB9CDE1CE} = {37FCAA34-6DC8-47AD-9793-F552F77020C1}
		{57BABC9E-E23B-46CF-8349-0FE23E40F1E2} = {D326DBCB-4CA8-478C-9AB7-8B842CC074E4}
		{E2D009A0-A1AB-4778-8BB7-4CF6FD7F5704} = {5C9A03A6-F3B7-4F35-95F5-2E6D8A9843D4}
		{0D5C1571-A5AD-4257-BBF4-C2403F1B87A6} = {4C4CA7D5-820D-4A5D-AB00-E6509CF0BCC9}
		{E3CBB781-AE03-4732-9FDB-4F0529502777} = {4C4CA7D5-820D-4A5D-AB00-E6509CF0BCC9}
	EndGlobalSection
	GlobalSection(ExtensibilityGlobals) = postSolution
		SolutionGuid = {731FC600-C32D-4F41-BBAE-1B64D675B093}
	EndGlobalSection
EndGlobal
